
Microsoft Visual Studio Solution File, Format Version 12.00
# Visual Studio Version 16
VisualStudioVersion = 16.0.29905.134
MinimumVisualStudioVersion = 10.0.40219.1
Project("{FAE04EC0-301F-11D3-BF4B-00C04F79EFBC}") = "CopyFileToFolder", "CopyFileToFolder\CopyFileToFolder.csproj", "{82989FC8-79B1-40C9-BC91-98FAFEAC28F1}"
EndProject
Global
	GlobalSection(SolutionConfigurationPlatforms) = preSolution
		Debug|Any CPU = Debug|Any CPU
		Release|Any CPU = Release|Any CPU
	EndGlobalSection
	GlobalSection(ProjectConfigurationPlatforms) = postSolution
		{82989FC8-79B1-40C9-BC91-98FAFEAC28F1}.Debug|Any CPU.ActiveCfg = Debug|Any CPU
		{82989FC8-79B1-40C9-BC91-98FAFEAC28F1}.Debug|Any CPU.Build.0 = Debug|Any CPU
		{82989FC8-79B1-40C9-BC91-98FAFEAC28F1}.Release|Any CPU.ActiveCfg = Release|Any CPU
		{82989FC8-79B1-40C9-BC91-98FAFEAC28F1}.Release|Any CPU.Build.0 = Release|Any CPU
	EndGlobalSection
	GlobalSection(SolutionProperties) = preSolution
		HideSolutionNode = FALSE
	EndGlobalSection
	GlobalSection(ExtensibilityGlobals) = postSolution
		SolutionGuid = {F2AA22F0-3BA0-4389-B53F-3D1E7D918ECA}
	EndGlobalSection
EndGlobal
